
Microsoft Visual Studio Solution File, Format Version 12.00
# Visual Studio Version 17
VisualStudioVersion = 17.0.31903.59
MinimumVisualStudioVersion = 10.0.40219.1
Project("{FAE04EC0-301F-11D3-BF4B-00C04F79EFBC}") = "MyTelegramBot", "MyTelegramBot\MyTelegramBot.csproj", "{D62BAE08-A0AB-48B1-B4DE-8B0209AB8A05}"
EndProject
Global
	GlobalSection(SolutionConfigurationPlatforms) = preSolution
		Debug|Any CPU = Debug|Any CPU
		Release|Any CPU = Release|Any CPU
	EndGlobalSection
	GlobalSection(ProjectConfigurationPlatforms) = postSolution
		{D62BAE08-A0AB-48B1-B4DE-8B0209AB8A05}.Debug|Any CPU.ActiveCfg = Debug|Any CPU
		{D62BAE08-A0AB-48B1-B4DE-8B0209AB8A05}.Debug|Any CPU.Build.0 = Debug|Any CPU
		{D62BAE08-A0AB-48B1-B4DE-8B0209AB8A05}.Release|Any CPU.ActiveCfg = Release|Any CPU
		{D62BAE08-A0AB-48B1-B4DE-8B0209AB8A05}.Release|Any CPU.Build.0 = Release|Any CPU
	EndGlobalSection
	GlobalSection(SolutionProperties) = preSolution
		HideSolutionNode = FALSE
	EndGlobalSection
	GlobalSection(ExtensibilityGlobals) = postSolution
		SolutionGuid = {501F6076-3724-486C-BD4B-2AFA2C7B9F1F}
	EndGlobalSection
EndGlobal
